// !$*UTF8*$!
{
	archiveVersion = 1;
	classes = {
	};
	objectVersion = 46;
	objects = {

/* Begin PBXBuildFile section */
		471C4D871D251B5000699B11 /* AppDelegate.swift in Sources */ = {isa = PBXBuildFile; fileRef = 471C4D861D251B5000699B11 /* AppDelegate.swift */; };
		471C4D911D251B5000699B11 /* LaunchScreen.storyboard in Resources */ = {isa = PBXBuildFile; fileRef = 471C4D8F1D251B5000699B11 /* LaunchScreen.storyboard */; };
		471C4DB01D251D5B00699B11 /* main.m in Sources */ = {isa = PBXBuildFile; fileRef = 471C4DAF1D251D5B00699B11 /* main.m */; };
		471C4DB31D251D5B00699B11 /* AppDelegate.m in Sources */ = {isa = PBXBuildFile; fileRef = 471C4DB21D251D5B00699B11 /* AppDelegate.m */; };
		471C4DBB1D251D5B00699B11 /* Assets.xcassets in Resources */ = {isa = PBXBuildFile; fileRef = 471C4DBA1D251D5B00699B11 /* Assets.xcassets */; };
		471C4DBE1D251D5B00699B11 /* LaunchScreen.storyboard in Resources */ = {isa = PBXBuildFile; fileRef = 471C4DBC1D251D5B00699B11 /* LaunchScreen.storyboard */; };
		471C4DE01D252B7300699B11 /* ViewController.m in Sources */ = {isa = PBXBuildFile; fileRef = 471C4DDF1D252B7300699B11 /* ViewController.m */; };
		471C4DE31D252B8000699B11 /* BannerHeight50.m in Sources */ = {isa = PBXBuildFile; fileRef = 471C4DE21D252B8000699B11 /* BannerHeight50.m */; };
		471C4DE61D252B8A00699B11 /* BannerHeight90.m in Sources */ = {isa = PBXBuildFile; fileRef = 471C4DE51D252B8A00699B11 /* BannerHeight90.m */; };
		471C4DE91D252B9600699B11 /* Banner300x250.m in Sources */ = {isa = PBXBuildFile; fileRef = 471C4DE81D252B9600699B11 /* Banner300x250.m */; };
		471C4DEF1D252BB100699B11 /* TableViewController.m in Sources */ = {isa = PBXBuildFile; fileRef = 471C4DEE1D252BB100699B11 /* TableViewController.m */; };
		471C4DF21D252BBB00699B11 /* ADCell.m in Sources */ = {isa = PBXBuildFile; fileRef = 471C4DF11D252BBB00699B11 /* ADCell.m */; };
		471C4DF41D252BCA00699B11 /* Main.storyboard in Resources */ = {isa = PBXBuildFile; fileRef = 471C4DF31D252BCA00699B11 /* Main.storyboard */; };
		474696EE1D9E8EC000C2C496 /* CollectionViewController.m in Sources */ = {isa = PBXBuildFile; fileRef = 474696ED1D9E8EC000C2C496 /* CollectionViewController.m */; };
		474696F11D9E8EEE00C2C496 /* ADCollectionCell.m in Sources */ = {isa = PBXBuildFile; fileRef = 474696F01D9E8EEE00C2C496 /* ADCollectionCell.m */; };
		477F580E1D38833000D1AD6C /* NativeTemplateBlockOne.m in Sources */ = {isa = PBXBuildFile; fileRef = 477F580D1D38833000D1AD6C /* NativeTemplateBlockOne.m */; };
		477F58111D38833A00D1AD6C /* NativeTemplateBlockTwo.m in Sources */ = {isa = PBXBuildFile; fileRef = 477F58101D38833A00D1AD6C /* NativeTemplateBlockTwo.m */; };
		477F58141D38834500D1AD6C /* NativeTemplateBlockThree.m in Sources */ = {isa = PBXBuildFile; fileRef = 477F58131D38834500D1AD6C /* NativeTemplateBlockThree.m */; };
		477F58171D38835100D1AD6C /* NativeTemplateLineOne.m in Sources */ = {isa = PBXBuildFile; fileRef = 477F58161D38835100D1AD6C /* NativeTemplateLineOne.m */; };
		477F581A1D38835A00D1AD6C /* NativeTemplateLineTwo.m in Sources */ = {isa = PBXBuildFile; fileRef = 477F58191D38835A00D1AD6C /* NativeTemplateLineTwo.m */; };
		477F581D1D38836300D1AD6C /* NativeTemplateLineThree.m in Sources */ = {isa = PBXBuildFile; fileRef = 477F581C1D38836300D1AD6C /* NativeTemplateLineThree.m */; };
		6CC06B941DB63F5700AA3140 /* HADFramework.framework in Frameworks */ = {isa = PBXBuildFile; fileRef = 6CC06B931DB63F5700AA3140 /* HADFramework.framework */; };
		6CC06B951DB63F5700AA3140 /* HADFramework.framework in Embed Frameworks */ = {isa = PBXBuildFile; fileRef = 6CC06B931DB63F5700AA3140 /* HADFramework.framework */; settings = {ATTRIBUTES = (CodeSignOnCopy, RemoveHeadersOnCopy, ); }; };
		6CC06B961DB63F5C00AA3140 /* HADFramework.framework in Frameworks */ = {isa = PBXBuildFile; fileRef = 6CC06B931DB63F5700AA3140 /* HADFramework.framework */; };
		6CC06B971DB63F5C00AA3140 /* HADFramework.framework in Embed Frameworks */ = {isa = PBXBuildFile; fileRef = 6CC06B931DB63F5700AA3140 /* HADFramework.framework */; settings = {ATTRIBUTES = (CodeSignOnCopy, RemoveHeadersOnCopy, ); }; };
		6CF7664F1E38D9FD00D5E8D4 /* Main.storyboard in Resources */ = {isa = PBXBuildFile; fileRef = 6CF7664D1E38D9FD00D5E8D4 /* Main.storyboard */; };
		6CF766571E38DA1C00D5E8D4 /* BannerCollectionViewController.swift in Sources */ = {isa = PBXBuildFile; fileRef = 6CF766501E38DA1C00D5E8D4 /* BannerCollectionViewController.swift */; };
		6CF766581E38DA1C00D5E8D4 /* BannerTableViewController.swift in Sources */ = {isa = PBXBuildFile; fileRef = 6CF766511E38DA1C00D5E8D4 /* BannerTableViewController.swift */; };
		6CF766591E38DA1C00D5E8D4 /* MainViewController.swift in Sources */ = {isa = PBXBuildFile; fileRef = 6CF766521E38DA1C00D5E8D4 /* MainViewController.swift */; };
		6CF7665A1E38DA1C00D5E8D4 /* NativeCollectionViewController.swift in Sources */ = {isa = PBXBuildFile; fileRef = 6CF766531E38DA1C00D5E8D4 /* NativeCollectionViewController.swift */; };
		6CF7665B1E38DA1C00D5E8D4 /* NativeTableViewController.swift in Sources */ = {isa = PBXBuildFile; fileRef = 6CF766541E38DA1C00D5E8D4 /* NativeTableViewController.swift */; };
		6CF7665C1E38DA1C00D5E8D4 /* NativeViewController.swift in Sources */ = {isa = PBXBuildFile; fileRef = 6CF766551E38DA1C00D5E8D4 /* NativeViewController.swift */; };
		6CF7665D1E38DA1C00D5E8D4 /* TemplatesTableViewController.swift in Sources */ = {isa = PBXBuildFile; fileRef = 6CF766561E38DA1C00D5E8D4 /* TemplatesTableViewController.swift */; };
		6CF766611E38FEF700D5E8D4 /* NativeAdViewController.m in Sources */ = {isa = PBXBuildFile; fileRef = 6CF766601E38FEF700D5E8D4 /* NativeAdViewController.m */; };
/* End PBXBuildFile section */

/* Begin PBXCopyFilesBuildPhase section */
		471C4DC51D251D9400699B11 /* Embed Frameworks */ = {
			isa = PBXCopyFilesBuildPhase;
			buildActionMask = 2147483647;
			dstPath = "";
			dstSubfolderSpec = 10;
			files = (
				6CC06B971DB63F5C00AA3140 /* HADFramework.framework in Embed Frameworks */,
			);
			name = "Embed Frameworks";
			runOnlyForDeploymentPostprocessing = 0;
		};
		6CC06B901DB6365000AA3140 /* Embed Frameworks */ = {
			isa = PBXCopyFilesBuildPhase;
			buildActionMask = 2147483647;
			dstPath = "";
			dstSubfolderSpec = 10;
			files = (
				6CC06B951DB63F5700AA3140 /* HADFramework.framework in Embed Frameworks */,
			);
			name = "Embed Frameworks";
			runOnlyForDeploymentPostprocessing = 0;
		};
/* End PBXCopyFilesBuildPhase section */

/* Begin PBXFileReference section */
		471C4D841D251B5000699B11 /* HADSwiftExamples.app */ = {isa = PBXFileReference; explicitFileType = wrapper.application; includeInIndex = 0; path = HADSwiftExamples.app; sourceTree = BUILT_PRODUCTS_DIR; };
		471C4D861D251B5000699B11 /* AppDelegate.swift */ = {isa = PBXFileReference; lastKnownFileType = sourcecode.swift; path = AppDelegate.swift; sourceTree = "<group>"; };
		471C4D901D251B5000699B11 /* Base */ = {isa = PBXFileReference; lastKnownFileType = file.storyboard; name = Base; path = Base.lproj/LaunchScreen.storyboard; sourceTree = "<group>"; };
		471C4D921D251B5000699B11 /* Info.plist */ = {isa = PBXFileReference; lastKnownFileType = text.plist.xml; path = Info.plist; sourceTree = "<group>"; };
		471C4DAC1D251D5B00699B11 /* HADObjcExamples.app */ = {isa = PBXFileReference; explicitFileType = wrapper.application; includeInIndex = 0; path = HADObjcExamples.app; sourceTree = BUILT_PRODUCTS_DIR; };
		471C4DAF1D251D5B00699B11 /* main.m */ = {isa = PBXFileReference; lastKnownFileType = sourcecode.c.objc; path = main.m; sourceTree = "<group>"; };
		471C4DB11D251D5B00699B11 /* AppDelegate.h */ = {isa = PBXFileReference; lastKnownFileType = sourcecode.c.h; path = AppDelegate.h; sourceTree = "<group>"; };
		471C4DB21D251D5B00699B11 /* AppDelegate.m */ = {isa = PBXFileReference; lastKnownFileType = sourcecode.c.objc; path = AppDelegate.m; sourceTree = "<group>"; };
		471C4DBA1D251D5B00699B11 /* Assets.xcassets */ = {isa = PBXFileReference; lastKnownFileType = folder.assetcatalog; path = Assets.xcassets; sourceTree = "<group>"; };
		471C4DBD1D251D5B00699B11 /* Base */ = {isa = PBXFileReference; lastKnownFileType = file.storyboard; name = Base; path = Base.lproj/LaunchScreen.storyboard; sourceTree = "<group>"; };
		471C4DBF1D251D5B00699B11 /* Info.plist */ = {isa = PBXFileReference; lastKnownFileType = text.plist.xml; path = Info.plist; sourceTree = "<group>"; };
		471C4DDE1D252B7300699B11 /* ViewController.h */ = {isa = PBXFileReference; fileEncoding = 4; lastKnownFileType = sourcecode.c.h; path = ViewController.h; sourceTree = "<group>"; };
		471C4DDF1D252B7300699B11 /* ViewController.m */ = {isa = PBXFileReference; fileEncoding = 4; lastKnownFileType = sourcecode.c.objc; path = ViewController.m; sourceTree = "<group>"; };
		471C4DE11D252B8000699B11 /* BannerHeight50.h */ = {isa = PBXFileReference; fileEncoding = 4; lastKnownFileType = sourcecode.c.h; path = BannerHeight50.h; sourceTree = "<group>"; };
		471C4DE21D252B8000699B11 /* BannerHeight50.m */ = {isa = PBXFileReference; fileEncoding = 4; lastKnownFileType = sourcecode.c.objc; path = BannerHeight50.m; sourceTree = "<group>"; };
		471C4DE41D252B8A00699B11 /* BannerHeight90.h */ = {isa = PBXFileReference; fileEncoding = 4; lastKnownFileType = sourcecode.c.h; path = BannerHeight90.h; sourceTree = "<group>"; };
		471C4DE51D252B8A00699B11 /* BannerHeight90.m */ = {isa = PBXFileReference; fileEncoding = 4; lastKnownFileType = sourcecode.c.objc; path = BannerHeight90.m; sourceTree = "<group>"; };
		471C4DE71D252B9600699B11 /* Banner300x250.h */ = {isa = PBXFileReference; fileEncoding = 4; lastKnownFileType = sourcecode.c.h; path = Banner300x250.h; sourceTree = "<group>"; };
		471C4DE81D252B9600699B11 /* Banner300x250.m */ = {isa = PBXFileReference; fileEncoding = 4; lastKnownFileType = sourcecode.c.objc; path = Banner300x250.m; sourceTree = "<group>"; };
		471C4DED1D252BB100699B11 /* TableViewController.h */ = {isa = PBXFileReference; fileEncoding = 4; lastKnownFileType = sourcecode.c.h; path = TableViewController.h; sourceTree = "<group>"; };
		471C4DEE1D252BB100699B11 /* TableViewController.m */ = {isa = PBXFileReference; fileEncoding = 4; lastKnownFileType = sourcecode.c.objc; path = TableViewController.m; sourceTree = "<group>"; };
		471C4DF01D252BBB00699B11 /* ADCell.h */ = {isa = PBXFileReference; fileEncoding = 4; lastKnownFileType = sourcecode.c.h; path = ADCell.h; sourceTree = "<group>"; };
		471C4DF11D252BBB00699B11 /* ADCell.m */ = {isa = PBXFileReference; fileEncoding = 4; lastKnownFileType = sourcecode.c.objc; path = ADCell.m; sourceTree = "<group>"; };
		471C4DF31D252BCA00699B11 /* Main.storyboard */ = {isa = PBXFileReference; fileEncoding = 4; lastKnownFileType = file.storyboard; path = Main.storyboard; sourceTree = "<group>"; };
		474696EC1D9E8EC000C2C496 /* CollectionViewController.h */ = {isa = PBXFileReference; fileEncoding = 4; lastKnownFileType = sourcecode.c.h; path = CollectionViewController.h; sourceTree = "<group>"; };
		474696ED1D9E8EC000C2C496 /* CollectionViewController.m */ = {isa = PBXFileReference; fileEncoding = 4; lastKnownFileType = sourcecode.c.objc; path = CollectionViewController.m; sourceTree = "<group>"; };
		474696EF1D9E8EEE00C2C496 /* ADCollectionCell.h */ = {isa = PBXFileReference; fileEncoding = 4; lastKnownFileType = sourcecode.c.h; path = ADCollectionCell.h; sourceTree = "<group>"; };
		474696F01D9E8EEE00C2C496 /* ADCollectionCell.m */ = {isa = PBXFileReference; fileEncoding = 4; lastKnownFileType = sourcecode.c.objc; path = ADCollectionCell.m; sourceTree = "<group>"; };
		477F580C1D38833000D1AD6C /* NativeTemplateBlockOne.h */ = {isa = PBXFileReference; fileEncoding = 4; lastKnownFileType = sourcecode.c.h; path = NativeTemplateBlockOne.h; sourceTree = "<group>"; };
		477F580D1D38833000D1AD6C /* NativeTemplateBlockOne.m */ = {isa = PBXFileReference; fileEncoding = 4; lastKnownFileType = sourcecode.c.objc; path = NativeTemplateBlockOne.m; sourceTree = "<group>"; };
		477F580F1D38833A00D1AD6C /* NativeTemplateBlockTwo.h */ = {isa = PBXFileReference; fileEncoding = 4; lastKnownFileType = sourcecode.c.h; path = NativeTemplateBlockTwo.h; sourceTree = "<group>"; };
		477F58101D38833A00D1AD6C /* NativeTemplateBlockTwo.m */ = {isa = PBXFileReference; fileEncoding = 4; lastKnownFileType = sourcecode.c.objc; path = NativeTemplateBlockTwo.m; sourceTree = "<group>"; };
		477F58121D38834500D1AD6C /* NativeTemplateBlockThree.h */ = {isa = PBXFileReference; fileEncoding = 4; lastKnownFileType = sourcecode.c.h; path = NativeTemplateBlockThree.h; sourceTree = "<group>"; };
		477F58131D38834500D1AD6C /* NativeTemplateBlockThree.m */ = {isa = PBXFileReference; fileEncoding = 4; lastKnownFileType = sourcecode.c.objc; path = NativeTemplateBlockThree.m; sourceTree = "<group>"; };
		477F58151D38835100D1AD6C /* NativeTemplateLineOne.h */ = {isa = PBXFileReference; fileEncoding = 4; lastKnownFileType = sourcecode.c.h; path = NativeTemplateLineOne.h; sourceTree = "<group>"; };
		477F58161D38835100D1AD6C /* NativeTemplateLineOne.m */ = {isa = PBXFileReference; fileEncoding = 4; lastKnownFileType = sourcecode.c.objc; path = NativeTemplateLineOne.m; sourceTree = "<group>"; };
		477F58181D38835A00D1AD6C /* NativeTemplateLineTwo.h */ = {isa = PBXFileReference; fileEncoding = 4; lastKnownFileType = sourcecode.c.h; path = NativeTemplateLineTwo.h; sourceTree = "<group>"; };
		477F58191D38835A00D1AD6C /* NativeTemplateLineTwo.m */ = {isa = PBXFileReference; fileEncoding = 4; lastKnownFileType = sourcecode.c.objc; path = NativeTemplateLineTwo.m; sourceTree = "<group>"; };
		477F581B1D38836300D1AD6C /* NativeTemplateLineThree.h */ = {isa = PBXFileReference; fileEncoding = 4; lastKnownFileType = sourcecode.c.h; path = NativeTemplateLineThree.h; sourceTree = "<group>"; };
		477F581C1D38836300D1AD6C /* NativeTemplateLineThree.m */ = {isa = PBXFileReference; fileEncoding = 4; lastKnownFileType = sourcecode.c.objc; path = NativeTemplateLineThree.m; sourceTree = "<group>"; };
		6CC06B931DB63F5700AA3140 /* HADFramework.framework */ = {isa = PBXFileReference; lastKnownFileType = wrapper.framework; path = HADFramework.framework; sourceTree = "<group>"; };
		6CF7664E1E38D9FD00D5E8D4 /* Base */ = {isa = PBXFileReference; lastKnownFileType = file.storyboard; name = Base; path = Base.lproj/Main.storyboard; sourceTree = "<group>"; };
		6CF766501E38DA1C00D5E8D4 /* BannerCollectionViewController.swift */ = {isa = PBXFileReference; fileEncoding = 4; lastKnownFileType = sourcecode.swift; path = BannerCollectionViewController.swift; sourceTree = "<group>"; };
		6CF766511E38DA1C00D5E8D4 /* BannerTableViewController.swift */ = {isa = PBXFileReference; fileEncoding = 4; lastKnownFileType = sourcecode.swift; path = BannerTableViewController.swift; sourceTree = "<group>"; };
		6CF766521E38DA1C00D5E8D4 /* MainViewController.swift */ = {isa = PBXFileReference; fileEncoding = 4; lastKnownFileType = sourcecode.swift; path = MainViewController.swift; sourceTree = "<group>"; };
		6CF766531E38DA1C00D5E8D4 /* NativeCollectionViewController.swift */ = {isa = PBXFileReference; fileEncoding = 4; lastKnownFileType = sourcecode.swift; path = NativeCollectionViewController.swift; sourceTree = "<group>"; };
		6CF766541E38DA1C00D5E8D4 /* NativeTableViewController.swift */ = {isa = PBXFileReference; fileEncoding = 4; lastKnownFileType = sourcecode.swift; path = NativeTableViewController.swift; sourceTree = "<group>"; };
		6CF766551E38DA1C00D5E8D4 /* NativeViewController.swift */ = {isa = PBXFileReference; fileEncoding = 4; lastKnownFileType = sourcecode.swift; path = NativeViewController.swift; sourceTree = "<group>"; };
		6CF766561E38DA1C00D5E8D4 /* TemplatesTableViewController.swift */ = {isa = PBXFileReference; fileEncoding = 4; lastKnownFileType = sourcecode.swift; path = TemplatesTableViewController.swift; sourceTree = "<group>"; };
		6CF7665F1E38FEF700D5E8D4 /* NativeAdViewController.h */ = {isa = PBXFileReference; fileEncoding = 4; lastKnownFileType = sourcecode.c.h; path = NativeAdViewController.h; sourceTree = "<group>"; };
		6CF766601E38FEF700D5E8D4 /* NativeAdViewController.m */ = {isa = PBXFileReference; fileEncoding = 4; lastKnownFileType = sourcecode.c.objc; path = NativeAdViewController.m; sourceTree = "<group>"; };
/* End PBXFileReference section */

/* Begin PBXFrameworksBuildPhase section */
		471C4D811D251B5000699B11 /* Frameworks */ = {
			isa = PBXFrameworksBuildPhase;
			buildActionMask = 2147483647;
			files = (
				6CC06B941DB63F5700AA3140 /* HADFramework.framework in Frameworks */,
			);
			runOnlyForDeploymentPostprocessing = 0;
		};
		471C4DA91D251D5B00699B11 /* Frameworks */ = {
			isa = PBXFrameworksBuildPhase;
			buildActionMask = 2147483647;
			files = (
				6CC06B961DB63F5C00AA3140 /* HADFramework.framework in Frameworks */,
			);
			runOnlyForDeploymentPostprocessing = 0;
		};
/* End PBXFrameworksBuildPhase section */

/* Begin PBXGroup section */
		471C4D411D2519FA00699B11 = {
			isa = PBXGroup;
			children = (
				6CC06B931DB63F5700AA3140 /* HADFramework.framework */,
				471C4D851D251B5000699B11 /* HADSwiftExamples */,
				471C4DAD1D251D5B00699B11 /* HADObjcExamples */,
				471C4D4B1D2519FA00699B11 /* Products */,
			);
			sourceTree = "<group>";
		};
		471C4D4B1D2519FA00699B11 /* Products */ = {
			isa = PBXGroup;
			children = (
				471C4D841D251B5000699B11 /* HADSwiftExamples.app */,
				471C4DAC1D251D5B00699B11 /* HADObjcExamples.app */,
			);
			name = Products;
			sourceTree = "<group>";
		};
		471C4D851D251B5000699B11 /* HADSwiftExamples */ = {
			isa = PBXGroup;
			children = (
				471C4D861D251B5000699B11 /* AppDelegate.swift */,
				6CF766521E38DA1C00D5E8D4 /* MainViewController.swift */,
				6CF766501E38DA1C00D5E8D4 /* BannerCollectionViewController.swift */,
				6CF766511E38DA1C00D5E8D4 /* BannerTableViewController.swift */,
				6CF766531E38DA1C00D5E8D4 /* NativeCollectionViewController.swift */,
				6CF766541E38DA1C00D5E8D4 /* NativeTableViewController.swift */,
				6CF766551E38DA1C00D5E8D4 /* NativeViewController.swift */,
				6CF766561E38DA1C00D5E8D4 /* TemplatesTableViewController.swift */,
				6CF7664D1E38D9FD00D5E8D4 /* Main.storyboard */,
				471C4D8F1D251B5000699B11 /* LaunchScreen.storyboard */,
				471C4D921D251B5000699B11 /* Info.plist */,
			);
			path = HADSwiftExamples;
			sourceTree = "<group>";
		};
		471C4DAD1D251D5B00699B11 /* HADObjcExamples */ = {
			isa = PBXGroup;
			children = (
				471C4DB11D251D5B00699B11 /* AppDelegate.h */,
				471C4DB21D251D5B00699B11 /* AppDelegate.m */,
				471C4DDE1D252B7300699B11 /* ViewController.h */,
				471C4DDF1D252B7300699B11 /* ViewController.m */,
				6CF7665F1E38FEF700D5E8D4 /* NativeAdViewController.h */,
				6CF766601E38FEF700D5E8D4 /* NativeAdViewController.m */,
				6CF7665E1E38FEC100D5E8D4 /* Dep */,
				471C4DF31D252BCA00699B11 /* Main.storyboard */,
				471C4DBA1D251D5B00699B11 /* Assets.xcassets */,
				471C4DBC1D251D5B00699B11 /* LaunchScreen.storyboard */,
				471C4DBF1D251D5B00699B11 /* Info.plist */,
				471C4DAE1D251D5B00699B11 /* Supporting Files */,
			);
			path = HADObjcExamples;
			sourceTree = "<group>";
		};
		471C4DAE1D251D5B00699B11 /* Supporting Files */ = {
			isa = PBXGroup;
			children = (
				471C4DAF1D251D5B00699B11 /* main.m */,
			);
			name = "Supporting Files";
			sourceTree = "<group>";
		};
		6CF7665E1E38FEC100D5E8D4 /* Dep */ = {
			isa = PBXGroup;
			children = (
				471C4DE21D252B8000699B11 /* BannerHeight50.m */,
				471C4DE11D252B8000699B11 /* BannerHeight50.h */,
				471C4DE41D252B8A00699B11 /* BannerHeight90.h */,
				471C4DE51D252B8A00699B11 /* BannerHeight90.m */,
				471C4DE71D252B9600699B11 /* Banner300x250.h */,
				471C4DE81D252B9600699B11 /* Banner300x250.m */,
				471C4DED1D252BB100699B11 /* TableViewController.h */,
				471C4DEE1D252BB100699B11 /* TableViewController.m */,
				474696EC1D9E8EC000C2C496 /* CollectionViewController.h */,
				474696ED1D9E8EC000C2C496 /* CollectionViewController.m */,
				471C4DF01D252BBB00699B11 /* ADCell.h */,
				471C4DF11D252BBB00699B11 /* ADCell.m */,
				474696EF1D9E8EEE00C2C496 /* ADCollectionCell.h */,
				474696F01D9E8EEE00C2C496 /* ADCollectionCell.m */,
				477F580C1D38833000D1AD6C /* NativeTemplateBlockOne.h */,
				477F580D1D38833000D1AD6C /* NativeTemplateBlockOne.m */,
				477F580F1D38833A00D1AD6C /* NativeTemplateBlockTwo.h */,
				477F58101D38833A00D1AD6C /* NativeTemplateBlockTwo.m */,
				477F58121D38834500D1AD6C /* NativeTemplateBlockThree.h */,
				477F58131D38834500D1AD6C /* NativeTemplateBlockThree.m */,
				477F58151D38835100D1AD6C /* NativeTemplateLineOne.h */,
				477F58161D38835100D1AD6C /* NativeTemplateLineOne.m */,
				477F58181D38835A00D1AD6C /* NativeTemplateLineTwo.h */,
				477F58191D38835A00D1AD6C /* NativeTemplateLineTwo.m */,
				477F581B1D38836300D1AD6C /* NativeTemplateLineThree.h */,
				477F581C1D38836300D1AD6C /* NativeTemplateLineThree.m */,
			);
			name = Dep;
			sourceTree = "<group>";
		};
/* End PBXGroup section */

/* Begin PBXNativeTarget section */
		471C4D831D251B5000699B11 /* HADSwiftExamples */ = {
			isa = PBXNativeTarget;
			buildConfigurationList = 471C4D931D251B5000699B11 /* Build configuration list for PBXNativeTarget "HADSwiftExamples" */;
			buildPhases = (
				471C4D801D251B5000699B11 /* Sources */,
				471C4D811D251B5000699B11 /* Frameworks */,
				471C4D821D251B5000699B11 /* Resources */,
				6CC06B901DB6365000AA3140 /* Embed Frameworks */,
				6C0D49BF1DEC81970019A969 /* ShellScript */,
			);
			buildRules = (
			);
			dependencies = (
			);
			name = HADSwiftExamples;
			productName = HADSwiftExamples;
			productReference = 471C4D841D251B5000699B11 /* HADSwiftExamples.app */;
			productType = "com.apple.product-type.application";
		};
		471C4DAB1D251D5B00699B11 /* HADObjcExamples */ = {
			isa = PBXNativeTarget;
			buildConfigurationList = 471C4DC01D251D5B00699B11 /* Build configuration list for PBXNativeTarget "HADObjcExamples" */;
			buildPhases = (
				471C4DA81D251D5B00699B11 /* Sources */,
				471C4DA91D251D5B00699B11 /* Frameworks */,
				471C4DAA1D251D5B00699B11 /* Resources */,
				471C4DC51D251D9400699B11 /* Embed Frameworks */,
				6C0D49BE1DEC80F00019A969 /* ShellScript */,
			);
			buildRules = (
			);
			dependencies = (
			);
			name = HADObjcExamples;
			productName = HADObjcExamples;
			productReference = 471C4DAC1D251D5B00699B11 /* HADObjcExamples.app */;
			productType = "com.apple.product-type.application";
		};
/* End PBXNativeTarget section */

/* Begin PBXProject section */
		471C4D421D2519FA00699B11 /* Project object */ = {
			isa = PBXProject;
			attributes = {
				LastSwiftUpdateCheck = 0730;
				LastUpgradeCheck = 0800;
				ORGANIZATIONNAME = "Mihael Isaev";
				TargetAttributes = {
					471C4D831D251B5000699B11 = {
						CreatedOnToolsVersion = 7.3.1;
					};
					471C4DAB1D251D5B00699B11 = {
						CreatedOnToolsVersion = 7.3.1;
					};
				};
			};
			buildConfigurationList = 471C4D451D2519FA00699B11 /* Build configuration list for PBXProject "HADExamples" */;
			compatibilityVersion = "Xcode 3.2";
			developmentRegion = English;
			hasScannedForEncodings = 0;
			knownRegions = (
				en,
				Base,
			);
			mainGroup = 471C4D411D2519FA00699B11;
			productRefGroup = 471C4D4B1D2519FA00699B11 /* Products */;
			projectDirPath = "";
			projectRoot = "";
			targets = (
				471C4D831D251B5000699B11 /* HADSwiftExamples */,
				471C4DAB1D251D5B00699B11 /* HADObjcExamples */,
			);
		};
/* End PBXProject section */

/* Begin PBXResourcesBuildPhase section */
		471C4D821D251B5000699B11 /* Resources */ = {
			isa = PBXResourcesBuildPhase;
			buildActionMask = 2147483647;
			files = (
				471C4D911D251B5000699B11 /* LaunchScreen.storyboard in Resources */,
				6CF7664F1E38D9FD00D5E8D4 /* Main.storyboard in Resources */,
			);
			runOnlyForDeploymentPostprocessing = 0;
		};
		471C4DAA1D251D5B00699B11 /* Resources */ = {
			isa = PBXResourcesBuildPhase;
			buildActionMask = 2147483647;
			files = (
				471C4DF41D252BCA00699B11 /* Main.storyboard in Resources */,
				471C4DBE1D251D5B00699B11 /* LaunchScreen.storyboard in Resources */,
				471C4DBB1D251D5B00699B11 /* Assets.xcassets in Resources */,
			);
			runOnlyForDeploymentPostprocessing = 0;
		};
/* End PBXResourcesBuildPhase section */

/* Begin PBXShellScriptBuildPhase section */
		6C0D49BE1DEC80F00019A969 /* ShellScript */ = {
			isa = PBXShellScriptBuildPhase;
			buildActionMask = 8;
			files = (
			);
			inputPaths = (
			);
			outputPaths = (
			);
			runOnlyForDeploymentPostprocessing = 1;
			shellPath = /bin/sh;
			shellScript = "bash \"${BUILT_PRODUCTS_DIR}/${FRAMEWORKS_FOLDER_PATH}/HADFramework.framework/strip-frameworks.sh\"";
		};
		6C0D49BF1DEC81970019A969 /* ShellScript */ = {
			isa = PBXShellScriptBuildPhase;
			buildActionMask = 2147483647;
			files = (
			);
			inputPaths = (
			);
			outputPaths = (
			);
			runOnlyForDeploymentPostprocessing = 0;
			shellPath = /bin/sh;
			shellScript = "bash \"${BUILT_PRODUCTS_DIR}/${FRAMEWORKS_FOLDER_PATH}/HADFramework.framework/strip-frameworks.sh\"";
		};
/* End PBXShellScriptBuildPhase section */

/* Begin PBXSourcesBuildPhase section */
		471C4D801D251B5000699B11 /* Sources */ = {
			isa = PBXSourcesBuildPhase;
			buildActionMask = 2147483647;
			files = (
				6CF766571E38DA1C00D5E8D4 /* BannerCollectionViewController.swift in Sources */,
				6CF7665C1E38DA1C00D5E8D4 /* NativeViewController.swift in Sources */,
				471C4D871D251B5000699B11 /* AppDelegate.swift in Sources */,
				6CF766581E38DA1C00D5E8D4 /* BannerTableViewController.swift in Sources */,
				6CF7665A1E38DA1C00D5E8D4 /* NativeCollectionViewController.swift in Sources */,
				6CF7665B1E38DA1C00D5E8D4 /* NativeTableViewController.swift in Sources */,
				6CF766591E38DA1C00D5E8D4 /* MainViewController.swift in Sources */,
				6CF7665D1E38DA1C00D5E8D4 /* TemplatesTableViewController.swift in Sources */,
			);
			runOnlyForDeploymentPostprocessing = 0;
		};
		471C4DA81D251D5B00699B11 /* Sources */ = {
			isa = PBXSourcesBuildPhase;
			buildActionMask = 2147483647;
			files = (
				474696EE1D9E8EC000C2C496 /* CollectionViewController.m in Sources */,
				471C4DE01D252B7300699B11 /* ViewController.m in Sources */,
				471C4DE61D252B8A00699B11 /* BannerHeight90.m in Sources */,
				471C4DB31D251D5B00699B11 /* AppDelegate.m in Sources */,
				6CF766611E38FEF700D5E8D4 /* NativeAdViewController.m in Sources */,
				477F58171D38835100D1AD6C /* NativeTemplateLineOne.m in Sources */,
				477F580E1D38833000D1AD6C /* NativeTemplateBlockOne.m in Sources */,
				477F581A1D38835A00D1AD6C /* NativeTemplateLineTwo.m in Sources */,
				477F58111D38833A00D1AD6C /* NativeTemplateBlockTwo.m in Sources */,
				471C4DB01D251D5B00699B11 /* main.m in Sources */,
				471C4DEF1D252BB100699B11 /* TableViewController.m in Sources */,
				477F58141D38834500D1AD6C /* NativeTemplateBlockThree.m in Sources */,
				471C4DF21D252BBB00699B11 /* ADCell.m in Sources */,
				471C4DE31D252B8000699B11 /* BannerHeight50.m in Sources */,
				477F581D1D38836300D1AD6C /* NativeTemplateLineThree.m in Sources */,
				474696F11D9E8EEE00C2C496 /* ADCollectionCell.m in Sources */,
				471C4DE91D252B9600699B11 /* Banner300x250.m in Sources */,
			);
			runOnlyForDeploymentPostprocessing = 0;
		};
/* End PBXSourcesBuildPhase section */

/* Begin PBXVariantGroup section */
		471C4D8F1D251B5000699B11 /* LaunchScreen.storyboard */ = {
			isa = PBXVariantGroup;
			children = (
				471C4D901D251B5000699B11 /* Base */,
			);
			name = LaunchScreen.storyboard;
			sourceTree = "<group>";
		};
		471C4DBC1D251D5B00699B11 /* LaunchScreen.storyboard */ = {
			isa = PBXVariantGroup;
			children = (
				471C4DBD1D251D5B00699B11 /* Base */,
			);
			name = LaunchScreen.storyboard;
			sourceTree = "<group>";
		};
		6CF7664D1E38D9FD00D5E8D4 /* Main.storyboard */ = {
			isa = PBXVariantGroup;
			children = (
				6CF7664E1E38D9FD00D5E8D4 /* Base */,
			);
			name = Main.storyboard;
			sourceTree = "<group>";
		};
/* End PBXVariantGroup section */

/* Begin XCBuildConfiguration section */
		471C4D5F1D2519FA00699B11 /* Debug */ = {
			isa = XCBuildConfiguration;
			buildSettings = {
				ALWAYS_SEARCH_USER_PATHS = NO;
				CLANG_ANALYZER_NONNULL = YES;
				CLANG_CXX_LANGUAGE_STANDARD = "gnu++0x";
				CLANG_CXX_LIBRARY = "libc++";
				CLANG_ENABLE_MODULES = YES;
				CLANG_ENABLE_OBJC_ARC = YES;
				CLANG_WARN_BOOL_CONVERSION = YES;
				CLANG_WARN_CONSTANT_CONVERSION = YES;
				CLANG_WARN_DIRECT_OBJC_ISA_USAGE = YES_ERROR;
				CLANG_WARN_EMPTY_BODY = YES;
				CLANG_WARN_ENUM_CONVERSION = YES;
				CLANG_WARN_INFINITE_RECURSION = YES;
				CLANG_WARN_INT_CONVERSION = YES;
				CLANG_WARN_OBJC_ROOT_CLASS = YES_ERROR;
				CLANG_WARN_SUSPICIOUS_MOVE = YES;
				CLANG_WARN_UNREACHABLE_CODE = YES;
				CLANG_WARN__DUPLICATE_METHOD_MATCH = YES;
				"CODE_SIGN_IDENTITY[sdk=iphoneos*]" = "iPhone Developer";
				COPY_PHASE_STRIP = NO;
				DEBUG_INFORMATION_FORMAT = dwarf;
				ENABLE_STRICT_OBJC_MSGSEND = YES;
				ENABLE_TESTABILITY = YES;
				GCC_C_LANGUAGE_STANDARD = gnu99;
				GCC_DYNAMIC_NO_PIC = NO;
				GCC_NO_COMMON_BLOCKS = YES;
				GCC_OPTIMIZATION_LEVEL = 0;
				GCC_PREPROCESSOR_DEFINITIONS = (
					"DEBUG=1",
					"$(inherited)",
				);
				GCC_WARN_64_TO_32_BIT_CONVERSION = YES;
				GCC_WARN_ABOUT_RETURN_TYPE = YES_ERROR;
				GCC_WARN_UNDECLARED_SELECTOR = YES;
				GCC_WARN_UNINITIALIZED_AUTOS = YES_AGGRESSIVE;
				GCC_WARN_UNUSED_FUNCTION = YES;
				GCC_WARN_UNUSED_VARIABLE = YES;
				IPHONEOS_DEPLOYMENT_TARGET = 9.3;
				MTL_ENABLE_DEBUG_INFO = YES;
				ONLY_ACTIVE_ARCH = YES;
				SDKROOT = iphoneos;
				TARGETED_DEVICE_FAMILY = "1,2";
			};
			name = Debug;
		};
		471C4D601D2519FA00699B11 /* Release */ = {
			isa = XCBuildConfiguration;
			buildSettings = {
				ALWAYS_SEARCH_USER_PATHS = NO;
				CLANG_ANALYZER_NONNULL = YES;
				CLANG_CXX_LANGUAGE_STANDARD = "gnu++0x";
				CLANG_CXX_LIBRARY = "libc++";
				CLANG_ENABLE_MODULES = YES;
				CLANG_ENABLE_OBJC_ARC = YES;
				CLANG_WARN_BOOL_CONVERSION = YES;
				CLANG_WARN_CONSTANT_CONVERSION = YES;
				CLANG_WARN_DIRECT_OBJC_ISA_USAGE = YES_ERROR;
				CLANG_WARN_EMPTY_BODY = YES;
				CLANG_WARN_ENUM_CONVERSION = YES;
				CLANG_WARN_INFINITE_RECURSION = YES;
				CLANG_WARN_INT_CONVERSION = YES;
				CLANG_WARN_OBJC_ROOT_CLASS = YES_ERROR;
				CLANG_WARN_SUSPICIOUS_MOVE = YES;
				CLANG_WARN_UNREACHABLE_CODE = YES;
				CLANG_WARN__DUPLICATE_METHOD_MATCH = YES;
				"CODE_SIGN_IDENTITY[sdk=iphoneos*]" = "iPhone Developer";
				COPY_PHASE_STRIP = NO;
				DEBUG_INFORMATION_FORMAT = "dwarf-with-dsym";
				ENABLE_NS_ASSERTIONS = NO;
				ENABLE_STRICT_OBJC_MSGSEND = YES;
				GCC_C_LANGUAGE_STANDARD = gnu99;
				GCC_NO_COMMON_BLOCKS = YES;
				GCC_WARN_64_TO_32_BIT_CONVERSION = YES;
				GCC_WARN_ABOUT_RETURN_TYPE = YES_ERROR;
				GCC_WARN_UNDECLARED_SELECTOR = YES;
				GCC_WARN_UNINITIALIZED_AUTOS = YES_AGGRESSIVE;
				GCC_WARN_UNUSED_FUNCTION = YES;
				GCC_WARN_UNUSED_VARIABLE = YES;
				IPHONEOS_DEPLOYMENT_TARGET = 9.3;
				MTL_ENABLE_DEBUG_INFO = NO;
				SDKROOT = iphoneos;
				SWIFT_OPTIMIZATION_LEVEL = "-Owholemodule";
				TARGETED_DEVICE_FAMILY = "1,2";
				VALIDATE_PRODUCT = YES;
			};
			name = Release;
		};
		471C4D941D251B5000699B11 /* Debug */ = {
			isa = XCBuildConfiguration;
			buildSettings = {
				ASSETCATALOG_COMPILER_APPICON_NAME = AppIcon;
				DEVELOPMENT_TEAM = "";
				FRAMEWORK_SEARCH_PATHS = (
					"$(inherited)",
					"$(PROJECT_DIR)",
				);
				INFOPLIST_FILE = HADSwiftExamples/Info.plist;
				LD_RUNPATH_SEARCH_PATHS = "$(inherited) @executable_path/Frameworks";
				PRODUCT_BUNDLE_IDENTIFIER = com.hyperadx.HADSwiftExamples;
				PRODUCT_NAME = "$(TARGET_NAME)";
				SWIFT_OPTIMIZATION_LEVEL = "-Onone";
				SWIFT_VERSION = 3.0;
			};
			name = Debug;
		};
		471C4D951D251B5000699B11 /* Release */ = {
			isa = XCBuildConfiguration;
			buildSettings = {
				ASSETCATALOG_COMPILER_APPICON_NAME = AppIcon;
				DEVELOPMENT_TEAM = "";
				FRAMEWORK_SEARCH_PATHS = (
					"$(inherited)",
					"$(PROJECT_DIR)",
				);
				INFOPLIST_FILE = HADSwiftExamples/Info.plist;
				LD_RUNPATH_SEARCH_PATHS = "$(inherited) @executable_path/Frameworks";
				PRODUCT_BUNDLE_IDENTIFIER = com.hyperadx.HADSwiftExamples;
				PRODUCT_NAME = "$(TARGET_NAME)";
				SWIFT_VERSION = 3.0;
			};
			name = Release;
		};
		471C4DC11D251D5B00699B11 /* Debug */ = {
			isa = XCBuildConfiguration;
			buildSettings = {
				ALWAYS_EMBED_SWIFT_STANDARD_LIBRARIES = YES;
				ASSETCATALOG_COMPILER_APPICON_NAME = AppIcon;
				DEVELOPMENT_TEAM = "";
				FRAMEWORK_SEARCH_PATHS = (
					"$(inherited)",
					"$(PROJECT_DIR)",
				);
				INFOPLIST_FILE = HADObjcExamples/Info.plist;
				LD_RUNPATH_SEARCH_PATHS = "$(inherited) @executable_path/Frameworks";
				PRODUCT_BUNDLE_IDENTIFIER = com.hyperadx.HADObjcExamples;
				PRODUCT_NAME = "$(TARGET_NAME)";
			};
			name = Debug;
		};
		471C4DC21D251D5B00699B11 /* Release */ = {
			isa = XCBuildConfiguration;
			buildSettings = {
				ALWAYS_EMBED_SWIFT_STANDARD_LIBRARIES = YES;
				ASSETCATALOG_COMPILER_APPICON_NAME = AppIcon;
				DEVELOPMENT_TEAM = "";
				FRAMEWORK_SEARCH_PATHS = (
					"$(inherited)",
					"$(PROJECT_DIR)",
				);
				INFOPLIST_FILE = HADObjcExamples/Info.plist;
				LD_RUNPATH_SEARCH_PATHS = "$(inherited) @executable_path/Frameworks";
				PRODUCT_BUNDLE_IDENTIFIER = com.hyperadx.HADObjcExamples;
				PRODUCT_NAME = "$(TARGET_NAME)";
			};
			name = Release;
		};
/* End XCBuildConfiguration section */

/* Begin XCConfigurationList section */
		471C4D451D2519FA00699B11 /* Build configuration list for PBXProject "HADExamples" */ = {
			isa = XCConfigurationList;
			buildConfigurations = (
				471C4D5F1D2519FA00699B11 /* Debug */,
				471C4D601D2519FA00699B11 /* Release */,
			);
			defaultConfigurationIsVisible = 0;
			defaultConfigurationName = Release;
		};
		471C4D931D251B5000699B11 /* Build configuration list for PBXNativeTarget "HADSwiftExamples" */ = {
			isa = XCConfigurationList;
			buildConfigurations = (
				471C4D941D251B5000699B11 /* Debug */,
				471C4D951D251B5000699B11 /* Release */,
			);
			defaultConfigurationIsVisible = 0;
			defaultConfigurationName = Release;
		};
		471C4DC01D251D5B00699B11 /* Build configuration list for PBXNativeTarget "HADObjcExamples" */ = {
			isa = XCConfigurationList;
			buildConfigurations = (
				471C4DC11D251D5B00699B11 /* Debug */,
				471C4DC21D251D5B00699B11 /* Release */,
			);
			defaultConfigurationIsVisible = 0;
			defaultConfigurationName = Release;
		};
/* End XCConfigurationList section */
	};
	rootObject = 471C4D421D2519FA00699B11 /* Project object */;
}
