// !$*UTF8*$!
{
	archiveVersion = 1;
	classes = {
	};
	objectVersion = 46;
	objects = {

/* Begin PBXBuildFile section */
		47B0B9D31D72E9280095891E /* Images.xcassets in Resources */ = {isa = PBXBuildFile; fileRef = 47B0B9D21D72E9280095891E /* Images.xcassets */; };
		47CAB3E11D71E8BD000B6B0C /* main.m in Sources */ = {isa = PBXBuildFile; fileRef = 47CAB3E01D71E8BD000B6B0C /* main.m */; };
		47CAB3E41D71E8BD000B6B0C /* AppDelegate.m in Sources */ = {isa = PBXBuildFile; fileRef = 47CAB3E31D71E8BD000B6B0C /* AppDelegate.m */; };
		47CAB3EA1D71E8BD000B6B0C /* Main.storyboard in Resources */ = {isa = PBXBuildFile; fileRef = 47CAB3E81D71E8BD000B6B0C /* Main.storyboard */; };
		47CAB3EC1D71E8BD000B6B0C /* Assets.xcassets in Resources */ = {isa = PBXBuildFile; fileRef = 47CAB3EB1D71E8BD000B6B0C /* Assets.xcassets */; };
		47CAB4B11D722A48000B6B0C /* NativeAd.m in Sources */ = {isa = PBXBuildFile; fileRef = 47CAB4B01D722A48000B6B0C /* NativeAd.m */; };
		6C0D49B61DEC53E20019A969 /* HADFrameworkObjC.framework in Frameworks */ = {isa = PBXBuildFile; fileRef = 6C0D49B51DEC53E20019A969 /* HADFrameworkObjC.framework */; };
/* End PBXBuildFile section */

/* Begin PBXFileReference section */
		47B0B9D21D72E9280095891E /* Images.xcassets */ = {isa = PBXFileReference; lastKnownFileType = folder.assetcatalog; path = Images.xcassets; sourceTree = "<group>"; };
		47CAB3DD1D71E8BD000B6B0C /* HADObjCiOS7Example.app */ = {isa = PBXFileReference; explicitFileType = wrapper.application; includeInIndex = 0; path = HADObjCiOS7Example.app; sourceTree = BUILT_PRODUCTS_DIR; };
		47CAB3E01D71E8BD000B6B0C /* main.m */ = {isa = PBXFileReference; lastKnownFileType = sourcecode.c.objc; path = main.m; sourceTree = "<group>"; };
		47CAB3E21D71E8BD000B6B0C /* AppDelegate.h */ = {isa = PBXFileReference; lastKnownFileType = sourcecode.c.h; path = AppDelegate.h; sourceTree = "<group>"; };
		47CAB3E31D71E8BD000B6B0C /* AppDelegate.m */ = {isa = PBXFileReference; lastKnownFileType = sourcecode.c.objc; path = AppDelegate.m; sourceTree = "<group>"; };
		47CAB3E91D71E8BD000B6B0C /* Base */ = {isa = PBXFileReference; lastKnownFileType = file.storyboard; name = Base; path = Base.lproj/Main.storyboard; sourceTree = "<group>"; };
		47CAB3EB1D71E8BD000B6B0C /* Assets.xcassets */ = {isa = PBXFileReference; lastKnownFileType = folder.assetcatalog; path = Assets.xcassets; sourceTree = "<group>"; };
		47CAB3F01D71E8BD000B6B0C /* Info.plist */ = {isa = PBXFileReference; lastKnownFileType = text.plist.xml; path = Info.plist; sourceTree = "<group>"; };
		47CAB4AF1D722A48000B6B0C /* NativeAd.h */ = {isa = PBXFileReference; fileEncoding = 4; lastKnownFileType = sourcecode.c.h; path = NativeAd.h; sourceTree = "<group>"; };
		47CAB4B01D722A48000B6B0C /* NativeAd.m */ = {isa = PBXFileReference; fileEncoding = 4; lastKnownFileType = sourcecode.c.objc; path = NativeAd.m; sourceTree = "<group>"; };
		6C0D49B51DEC53E20019A969 /* HADFrameworkObjC.framework */ = {isa = PBXFileReference; lastKnownFileType = wrapper.framework; path = HADFrameworkObjC.framework; sourceTree = "<group>"; };
/* End PBXFileReference section */

/* Begin PBXFrameworksBuildPhase section */
		47CAB3DA1D71E8BD000B6B0C /* Frameworks */ = {
			isa = PBXFrameworksBuildPhase;
			buildActionMask = 2147483647;
			files = (
				6C0D49B61DEC53E20019A969 /* HADFrameworkObjC.framework in Frameworks */,
			);
			runOnlyForDeploymentPostprocessing = 0;
		};
/* End PBXFrameworksBuildPhase section */

/* Begin PBXGroup section */
		471C4D411D2519FA00699B11 = {
			isa = PBXGroup;
			children = (
				6C0D49B51DEC53E20019A969 /* HADFrameworkObjC.framework */,
				47CAB3DE1D71E8BD000B6B0C /* HADObjCiOS7Example */,
				471C4D4B1D2519FA00699B11 /* Products */,
			);
			sourceTree = "<group>";
		};
		471C4D4B1D2519FA00699B11 /* Products */ = {
			isa = PBXGroup;
			children = (
				47CAB3DD1D71E8BD000B6B0C /* HADObjCiOS7Example.app */,
			);
			name = Products;
			sourceTree = "<group>";
		};
		47CAB3DE1D71E8BD000B6B0C /* HADObjCiOS7Example */ = {
			isa = PBXGroup;
			children = (
				47CAB3E21D71E8BD000B6B0C /* AppDelegate.h */,
				47CAB3E31D71E8BD000B6B0C /* AppDelegate.m */,
				47CAB4AF1D722A48000B6B0C /* NativeAd.h */,
				47CAB4B01D722A48000B6B0C /* NativeAd.m */,
				47CAB3E81D71E8BD000B6B0C /* Main.storyboard */,
				47CAB3EB1D71E8BD000B6B0C /* Assets.xcassets */,
				47B0B9D21D72E9280095891E /* Images.xcassets */,
				47CAB3F01D71E8BD000B6B0C /* Info.plist */,
				47CAB3DF1D71E8BD000B6B0C /* Supporting Files */,
			);
			path = HADObjCiOS7Example;
			sourceTree = "<group>";
		};
		47CAB3DF1D71E8BD000B6B0C /* Supporting Files */ = {
			isa = PBXGroup;
			children = (
				47CAB3E01D71E8BD000B6B0C /* main.m */,
			);
			name = "Supporting Files";
			sourceTree = "<group>";
		};
/* End PBXGroup section */

/* Begin PBXNativeTarget section */
		47CAB3DC1D71E8BD000B6B0C /* HADObjCiOS7Example */ = {
			isa = PBXNativeTarget;
			buildConfigurationList = 47CAB3F31D71E8BD000B6B0C /* Build configuration list for PBXNativeTarget "HADObjCiOS7Example" */;
			buildPhases = (
				47CAB3D91D71E8BD000B6B0C /* Sources */,
				47CAB3DA1D71E8BD000B6B0C /* Frameworks */,
				47CAB3DB1D71E8BD000B6B0C /* Resources */,
			);
			buildRules = (
			);
			dependencies = (
			);
			name = HADObjCiOS7Example;
			productName = HADObjCiOS7Example;
			productReference = 47CAB3DD1D71E8BD000B6B0C /* HADObjCiOS7Example.app */;
			productType = "com.apple.product-type.application";
		};
/* End PBXNativeTarget section */

/* Begin PBXProject section */
		471C4D421D2519FA00699B11 /* Project object */ = {
			isa = PBXProject;
			attributes = {
				LastSwiftUpdateCheck = 0730;
				LastUpgradeCheck = 0730;
				ORGANIZATIONNAME = "Mihael Isaev";
				TargetAttributes = {
					47CAB3DC1D71E8BD000B6B0C = {
						CreatedOnToolsVersion = 7.3.1;
					};
				};
			};
			buildConfigurationList = 471C4D451D2519FA00699B11 /* Build configuration list for PBXProject "HADExamples" */;
			compatibilityVersion = "Xcode 3.2";
			developmentRegion = English;
			hasScannedForEncodings = 0;
			knownRegions = (
				en,
				Base,
			);
			mainGroup = 471C4D411D2519FA00699B11;
			productRefGroup = 471C4D4B1D2519FA00699B11 /* Products */;
			projectDirPath = "";
			projectRoot = "";
			targets = (
				47CAB3DC1D71E8BD000B6B0C /* HADObjCiOS7Example */,
			);
		};
/* End PBXProject section */

/* Begin PBXResourcesBuildPhase section */
		47CAB3DB1D71E8BD000B6B0C /* Resources */ = {
			isa = PBXResourcesBuildPhase;
			buildActionMask = 2147483647;
			files = (
				47B0B9D31D72E9280095891E /* Images.xcassets in Resources */,
				47CAB3EC1D71E8BD000B6B0C /* Assets.xcassets in Resources */,
				47CAB3EA1D71E8BD000B6B0C /* Main.storyboard in Resources */,
			);
			runOnlyForDeploymentPostprocessing = 0;
		};
/* End PBXResourcesBuildPhase section */

/* Begin PBXSourcesBuildPhase section */
		47CAB3D91D71E8BD000B6B0C /* Sources */ = {
			isa = PBXSourcesBuildPhase;
			buildActionMask = 2147483647;
			files = (
				47CAB4B11D722A48000B6B0C /* NativeAd.m in Sources */,
				47CAB3E41D71E8BD000B6B0C /* AppDelegate.m in Sources */,
				47CAB3E11D71E8BD000B6B0C /* main.m in Sources */,
			);
			runOnlyForDeploymentPostprocessing = 0;
		};
/* End PBXSourcesBuildPhase section */

/* Begin PBXVariantGroup section */
		47CAB3E81D71E8BD000B6B0C /* Main.storyboard */ = {
			isa = PBXVariantGroup;
			children = (
				47CAB3E91D71E8BD000B6B0C /* Base */,
			);
			name = Main.storyboard;
			sourceTree = "<group>";
		};
/* End PBXVariantGroup section */

/* Begin XCBuildConfiguration section */
		471C4D5F1D2519FA00699B11 /* Debug */ = {
			isa = XCBuildConfiguration;
			buildSettings = {
				ALWAYS_SEARCH_USER_PATHS = NO;
				CLANG_ANALYZER_NONNULL = YES;
				CLANG_CXX_LANGUAGE_STANDARD = "gnu++0x";
				CLANG_CXX_LIBRARY = "libc++";
				CLANG_ENABLE_MODULES = YES;
				CLANG_ENABLE_OBJC_ARC = YES;
				CLANG_WARN_BOOL_CONVERSION = YES;
				CLANG_WARN_CONSTANT_CONVERSION = YES;
				CLANG_WARN_DIRECT_OBJC_ISA_USAGE = YES_ERROR;
				CLANG_WARN_EMPTY_BODY = YES;
				CLANG_WARN_ENUM_CONVERSION = YES;
				CLANG_WARN_INT_CONVERSION = YES;
				CLANG_WARN_OBJC_ROOT_CLASS = YES_ERROR;
				CLANG_WARN_UNREACHABLE_CODE = YES;
				CLANG_WARN__DUPLICATE_METHOD_MATCH = YES;
				"CODE_SIGN_IDENTITY[sdk=iphoneos*]" = "iPhone Developer";
				COPY_PHASE_STRIP = NO;
				DEBUG_INFORMATION_FORMAT = dwarf;
				ENABLE_STRICT_OBJC_MSGSEND = YES;
				ENABLE_TESTABILITY = YES;
				GCC_C_LANGUAGE_STANDARD = gnu99;
				GCC_DYNAMIC_NO_PIC = NO;
				GCC_NO_COMMON_BLOCKS = YES;
				GCC_OPTIMIZATION_LEVEL = 0;
				GCC_PREPROCESSOR_DEFINITIONS = (
					"DEBUG=1",
					"$(inherited)",
				);
				GCC_WARN_64_TO_32_BIT_CONVERSION = YES;
				GCC_WARN_ABOUT_RETURN_TYPE = YES_ERROR;
				GCC_WARN_UNDECLARED_SELECTOR = YES;
				GCC_WARN_UNINITIALIZED_AUTOS = YES_AGGRESSIVE;
				GCC_WARN_UNUSED_FUNCTION = YES;
				GCC_WARN_UNUSED_VARIABLE = YES;
				IPHONEOS_DEPLOYMENT_TARGET = 9.3;
				MTL_ENABLE_DEBUG_INFO = YES;
				ONLY_ACTIVE_ARCH = YES;
				SDKROOT = iphoneos;
				TARGETED_DEVICE_FAMILY = "1,2";
			};
			name = Debug;
		};
		471C4D601D2519FA00699B11 /* Release */ = {
			isa = XCBuildConfiguration;
			buildSettings = {
				ALWAYS_SEARCH_USER_PATHS = NO;
				CLANG_ANALYZER_NONNULL = YES;
				CLANG_CXX_LANGUAGE_STANDARD = "gnu++0x";
				CLANG_CXX_LIBRARY = "libc++";
				CLANG_ENABLE_MODULES = YES;
				CLANG_ENABLE_OBJC_ARC = YES;
				CLANG_WARN_BOOL_CONVERSION = YES;
				CLANG_WARN_CONSTANT_CONVERSION = YES;
				CLANG_WARN_DIRECT_OBJC_ISA_USAGE = YES_ERROR;
				CLANG_WARN_EMPTY_BODY = YES;
				CLANG_WARN_ENUM_CONVERSION = YES;
				CLANG_WARN_INT_CONVERSION = YES;
				CLANG_WARN_OBJC_ROOT_CLASS = YES_ERROR;
				CLANG_WARN_UNREACHABLE_CODE = YES;
				CLANG_WARN__DUPLICATE_METHOD_MATCH = YES;
				"CODE_SIGN_IDENTITY[sdk=iphoneos*]" = "iPhone Developer";
				COPY_PHASE_STRIP = NO;
				DEBUG_INFORMATION_FORMAT = "dwarf-with-dsym";
				ENABLE_NS_ASSERTIONS = NO;
				ENABLE_STRICT_OBJC_MSGSEND = YES;
				GCC_C_LANGUAGE_STANDARD = gnu99;
				GCC_NO_COMMON_BLOCKS = YES;
				GCC_WARN_64_TO_32_BIT_CONVERSION = YES;
				GCC_WARN_ABOUT_RETURN_TYPE = YES_ERROR;
				GCC_WARN_UNDECLARED_SELECTOR = YES;
				GCC_WARN_UNINITIALIZED_AUTOS = YES_AGGRESSIVE;
				GCC_WARN_UNUSED_FUNCTION = YES;
				GCC_WARN_UNUSED_VARIABLE = YES;
				IPHONEOS_DEPLOYMENT_TARGET = 9.3;
				MTL_ENABLE_DEBUG_INFO = NO;
				SDKROOT = iphoneos;
				TARGETED_DEVICE_FAMILY = "1,2";
				VALIDATE_PRODUCT = YES;
			};
			name = Release;
		};
		47CAB3F11D71E8BD000B6B0C /* Debug */ = {
			isa = XCBuildConfiguration;
			buildSettings = {
				ALWAYS_SEARCH_USER_PATHS = YES;
				ASSETCATALOG_COMPILER_APPICON_NAME = AppIcon;
				ASSETCATALOG_COMPILER_LAUNCHIMAGE_NAME = "Brand Assets";
				FRAMEWORK_SEARCH_PATHS = (
					"$(inherited)",
					"$(PROJECT_DIR)/HADObjCiOS7Example",
					"$(PROJECT_DIR)",
				);
				HEADER_SEARCH_PATHS = $SOURCE_ROOT/include;
				INFOPLIST_FILE = HADObjCiOS7Example/Info.plist;
				IPHONEOS_DEPLOYMENT_TARGET = 7.0;
				LD_RUNPATH_SEARCH_PATHS = "$(inherited) @executable_path/Frameworks";
				LIBRARY_SEARCH_PATHS = (
					"$(inherited)",
					"$(PROJECT_DIR)",
				);
				OTHER_LDFLAGS = "-ObjC";
				PRODUCT_BUNDLE_IDENTIFIER = com.hyperadx.HADObjCiOS7Example;
				PRODUCT_NAME = "$(TARGET_NAME)";
			};
			name = Debug;
		};
		47CAB3F21D71E8BD000B6B0C /* Release */ = {
			isa = XCBuildConfiguration;
			buildSettings = {
				ALWAYS_SEARCH_USER_PATHS = YES;
				ASSETCATALOG_COMPILER_APPICON_NAME = AppIcon;
				ASSETCATALOG_COMPILER_LAUNCHIMAGE_NAME = "Brand Assets";
				FRAMEWORK_SEARCH_PATHS = (
					"$(inherited)",
					"$(PROJECT_DIR)/HADObjCiOS7Example",
					"$(PROJECT_DIR)",
				);
				HEADER_SEARCH_PATHS = $SOURCE_ROOT/include;
				INFOPLIST_FILE = HADObjCiOS7Example/Info.plist;
				IPHONEOS_DEPLOYMENT_TARGET = 7.0;
				LD_RUNPATH_SEARCH_PATHS = "$(inherited) @executable_path/Frameworks";
				LIBRARY_SEARCH_PATHS = (
					"$(inherited)",
					"$(PROJECT_DIR)",
				);
				OTHER_LDFLAGS = "-ObjC";
				PRODUCT_BUNDLE_IDENTIFIER = com.hyperadx.HADObjCiOS7Example;
				PRODUCT_NAME = "$(TARGET_NAME)";
			};
			name = Release;
		};
/* End XCBuildConfiguration section */

/* Begin XCConfigurationList section */
		471C4D451D2519FA00699B11 /* Build configuration list for PBXProject "HADExamples" */ = {
			isa = XCConfigurationList;
			buildConfigurations = (
				471C4D5F1D2519FA00699B11 /* Debug */,
				471C4D601D2519FA00699B11 /* Release */,
			);
			defaultConfigurationIsVisible = 0;
			defaultConfigurationName = Release;
		};
		47CAB3F31D71E8BD000B6B0C /* Build configuration list for PBXNativeTarget "HADObjCiOS7Example" */ = {
			isa = XCConfigurationList;
			buildConfigurations = (
				47CAB3F11D71E8BD000B6B0C /* Debug */,
				47CAB3F21D71E8BD000B6B0C /* Release */,
			);
			defaultConfigurationIsVisible = 0;
			defaultConfigurationName = Release;
		};
/* End XCConfigurationList section */
	};
	rootObject = 471C4D421D2519FA00699B11 /* Project object */;
}
